
Microsoft Visual Studio Solution File, Format Version 12.00
# Visual Studio Version 17
VisualStudioVersion = 17.5.33516.290
MinimumVisualStudioVersion = 10.0.40219.1
Project("{FAE04EC0-301F-11D3-BF4B-00C04F79EFBC}") = "Figure4MB.Library", "Figure4MB\Figure4MB.Library.csproj", "{2C12A5CC-64AA-4571-BCDA-BF4CACFD29DE}"
EndProject
Project("{FAE04EC0-301F-11D3-BF4B-00C04F79EFBC}") = "Figure4MB.Tests", "Figure4MB.Tests\Figure4MB.Tests.csproj", "{02354498-F565-482F-A6F2-FF9A8FF44B2C}"
EndProject
Global
	GlobalSection(SolutionConfigurationPlatforms) = preSolution
		Debug|Any CPU = Debug|Any CPU
		Release|Any CPU = Release|Any CPU
	EndGlobalSection
	GlobalSection(ProjectConfigurationPlatforms) = postSolution
		{2C12A5CC-64AA-4571-BCDA-BF4CACFD29DE}.Debug|Any CPU.ActiveCfg = Debug|Any CPU
		{2C12A5CC-64AA-4571-BCDA-BF4CACFD29DE}.Debug|Any CPU.Build.0 = Debug|Any CPU
		{2C12A5CC-64AA-4571-BCDA-BF4CACFD29DE}.Release|Any CPU.ActiveCfg = Release|Any CPU
		{2C12A5CC-64AA-4571-BCDA-BF4CACFD29DE}.Release|Any CPU.Build.0 = Release|Any CPU
		{02354498-F565-482F-A6F2-FF9A8FF44B2C}.Debug|Any CPU.ActiveCfg = Debug|Any CPU
		{02354498-F565-482F-A6F2-FF9A8FF44B2C}.Debug|Any CPU.Build.0 = Debug|Any CPU
		{02354498-F565-482F-A6F2-FF9A8FF44B2C}.Release|Any CPU.ActiveCfg = Release|Any CPU
		{02354498-F565-482F-A6F2-FF9A8FF44B2C}.Release|Any CPU.Build.0 = Release|Any CPU
	EndGlobalSection
	GlobalSection(SolutionProperties) = preSolution
		HideSolutionNode = FALSE
	EndGlobalSection
	GlobalSection(ExtensibilityGlobals) = postSolution
		SolutionGuid = {5822EFFB-9AF3-42A9-80D8-B330680C5407}
	EndGlobalSection
EndGlobal
